{
  "name": "infra",
  "lockfileVersion": 3,
  "requires": true,
  "packages": {
    "": {
      "dependencies": {
        "aws-cdk": "^2.1025.0"
      }
    },
    "node_modules/aws-cdk": {
      "version": "2.1025.0",
      "resolved": "https://registry.npmjs.org/aws-cdk/-/aws-cdk-2.1025.0.tgz",
      "integrity": "sha512-qKYM+RG5+U/UbGpjTt8ZaxBEfKJMPdOmtPtFNidsIGlrdIWSIFdNcFYi13zo33FkMk6ZFA6yBnjfDry3fNR+hQ==",
      "license": "Apache-2.0",
      "bin": {
        "cdk": "bin/cdk"
      },
      "engines": {
        "node": ">= 18.0.0"
      },
      "optionalDependencies": {
        "fsevents": "2.3.2"
      }
    },
    "node_modules/fsevents": {
      "version": "2.3.2",
      "resolved": "https://registry.npmjs.org/fsevents/-/fsevents-2.3.2.tgz",
      "integrity": "sha512-xiqMQR4xAeHTuB9uWm+fFRcIOgKBMiOBP+eXiyT7jsgVCq1bkVygt00oASowB7EdtpOHaaPgKt812P9ab+DDKA==",
      "hasInstallScript": true,
      "license": "MIT",
      "optional": true,
      "os": [
        "darwin"
      ],
      "engines": {
        "node": "^8.16.0 || ^10.6.0 || >=11.0.0"
      }
    }
  }
}
