{
  "name": "infra",
  "lockfileVersion": 3,
  "requires": true,
  "packages": {
    "": {
      "dependencies": {
        "aws-cdk": "2.1142.0"
      }
    },
    "node_modules/aws-cdk": {
      "version": "2.1142.0",
      "resolved": "https://registry.npmjs.org/aws-cdk/-/aws-cdk-2.1142.0.tgz",
      "integrity": "sha512-gNOeii+avTJmOwfR8tVgraZ5A2EBC/529EXg7e+yBp8Zl608dAv5CtFRoJt8QoKiruiCwYr4HF6ClNAse/NkSg==",
      "license": "Apache-2.0",
      "bin": {
        "cdk": "bin/cdk"
      },
      "engines": {
        "node": ">= 18.0.0"
      }
    }
  }
}
