{
  "name": "infra",
  "lockfileVersion": 3,
  "requires": true,
  "packages": {
    "": {
      "dependencies": {
        "aws-cdk": "2.1135.1"
      }
    },
    "node_modules/aws-cdk": {
      "version": "2.1135.1",
      "resolved": "https://registry.npmjs.org/aws-cdk/-/aws-cdk-2.1135.1.tgz",
      "integrity": "sha512-g1jcMfWlyYtGamFJ/kPBOCuchl3NfwTF2UwOLTIDN0nJbGm84EAO+c8DlYnaemM8UmKFkdoq4BGdmiNL5nHWwA==",
      "license": "Apache-2.0",
      "bin": {
        "cdk": "bin/cdk"
      },
      "engines": {
        "node": ">= 18.0.0"
      }
    }
  }
}
